
Microsoft Visual Studio Solution File, Format Version 12.00
# Visual Studio Version 16
VisualStudioVersion = 16.0.31624.102
MinimumVisualStudioVersion = 10.0.40219.1
Project("{FAE04EC0-301F-11D3-BF4B-00C04F79EFBC}") = "MyList", "MyList\MyList.csproj", "{AB356ED1-A68F-429A-BB39-C8AEFA41C9AE}"
EndProject
Global
	GlobalSection(SolutionConfigurationPlatforms) = preSolution
		Debug|Any CPU = Debug|Any CPU
		Release|Any CPU = Release|Any CPU
	EndGlobalSection
	GlobalSection(ProjectConfigurationPlatforms) = postSolution
		{AB356ED1-A68F-429A-BB39-C8AEFA41C9AE}.Debug|Any CPU.ActiveCfg = Debug|Any CPU
		{AB356ED1-A68F-429A-BB39-C8AEFA41C9AE}.Debug|Any CPU.Build.0 = Debug|Any CPU
		{AB356ED1-A68F-429A-BB39-C8AEFA41C9AE}.Release|Any CPU.ActiveCfg = Release|Any CPU
		{AB356ED1-A68F-429A-BB39-C8AEFA41C9AE}.Release|Any CPU.Build.0 = Release|Any CPU
	EndGlobalSection
	GlobalSection(SolutionProperties) = preSolution
		HideSolutionNode = FALSE
	EndGlobalSection
	GlobalSection(ExtensibilityGlobals) = postSolution
		SolutionGuid = {64AAF989-4055-4ED5-A9A9-D0A4373262D0}
	EndGlobalSection
EndGlobal
